# THIS IS AN AUTOGENERATED FILE. DO NOT EDIT THIS FILE DIRECTLY.
# yarn lockfile v1


classnames@^2.2.5:
  version "2.3.2"
  resolved "https://registry.yarnpkg.com/classnames/-/classnames-2.3.2.tgz#351d813bf0137fcc6a76a16b88208d2560a0d924"
  integrity sha512-CSbhY4cFEJRe6/GQzIk5qXZ4Jeg5pcsP7b5peFSDpffpe1cqjASH/n9UTjBwOp6XpMSTwQ8Za2K5V02ueA7Tmw==

enquire.js@^2.1.6:
  version "2.1.6"
  resolved "https://registry.yarnpkg.com/enquire.js/-/enquire.js-2.1.6.tgz#3e8780c9b8b835084c3f60e166dbc3c2a3c89814"
  integrity sha512-/KujNpO+PT63F7Hlpu4h3pE3TokKRHN26JYmQpPyjkRD/N57R7bPDNojMXdi7uveAKjYB7yQnartCxZnFWr0Xw==

json2mq@^0.2.0:
  version "0.2.0"
  resolved "https://registry.yarnpkg.com/json2mq/-/json2mq-0.2.0.tgz#b637bd3ba9eabe122c83e9720483aeb10d2c904a"
  integrity sha512-SzoRg7ux5DWTII9J2qkrZrqV1gt+rTaoufMxEzXbS26Uid0NwaJd123HcoB80TgubEppxxIGdNxCx50fEoEWQA==
  dependencies:
    string-convert "^0.2.0"

lodash.debounce@^4.0.8:
  version "4.0.8"
  resolved "https://registry.yarnpkg.com/lodash.debounce/-/lodash.debounce-4.0.8.tgz#82d79bff30a67c4005ffd5e2515300ad9ca4d7af"
  integrity sha512-FT1yDzDYEoYWhnSGnpE/4Kj1fLZkDFyqRb7fNt6FdYOSxlUWAtp42Eh6Wb0rGIv/m9Bgo7x4GhQbm5Ys4SG5ow==

react-slick@^0.29.0:
  version "0.29.0"
  resolved "https://registry.yarnpkg.com/react-slick/-/react-slick-0.29.0.tgz#0bed5ea42bf75a23d40c0259b828ed27627b51bb"
  integrity sha512-TGdOKE+ZkJHHeC4aaoH85m8RnFyWqdqRfAGkhd6dirmATXMZWAxOpTLmw2Ll/jPTQ3eEG7ercFr/sbzdeYCJXA==
  dependencies:
    classnames "^2.2.5"
    enquire.js "^2.1.6"
    json2mq "^0.2.0"
    lodash.debounce "^4.0.8"
    resize-observer-polyfill "^1.5.0"

resize-observer-polyfill@^1.5.0:
  version "1.5.1"
  resolved "https://registry.yarnpkg.com/resize-observer-polyfill/-/resize-observer-polyfill-1.5.1.tgz#0e9020dd3d21024458d4ebd27e23e40269810464"
  integrity sha512-LwZrotdHOo12nQuZlHEmtuXdqGoOD0OhaxopaNFxWzInpEgaLWoVuAMbTzixuosCx2nEG58ngzW3vxdWoxIgdg==

slick-carousel@^1.8.1:
  version "1.8.1"
  resolved "https://registry.yarnpkg.com/slick-carousel/-/slick-carousel-1.8.1.tgz#a4bfb29014887bb66ce528b90bd0cda262cc8f8d"
  integrity sha512-XB9Ftrf2EEKfzoQXt3Nitrt/IPbT+f1fgqBdoxO3W/+JYvtEOW6EgxnWfr9GH6nmULv7Y2tPmEX3koxThVmebA==

string-convert@^0.2.0:
  version "0.2.1"
  resolved "https://registry.yarnpkg.com/string-convert/-/string-convert-0.2.1.tgz#6982cc3049fbb4cd85f8b24568b9d9bf39eeff97"
  integrity sha512-u/1tdPl4yQnPBjnVrmdLo9gtuLvELKsAoRapekWggdiQNvvvum+jYF329d84NAa660KQw7pB2n36KrIKVoXa3A==
